
Microsoft Visual Studio Solution File, Format Version 12.00
# Visual Studio Version 16
VisualStudioVersion = 16.0.31005.135
MinimumVisualStudioVersion = 10.0.40219.1
Project("{FAE04EC0-301F-11D3-BF4B-00C04F79EFBC}") = "CS7NS2-API", "CS7NS2-API.csproj", "{5C4F1969-4A5E-45E2-9495-7555F2502F9B}"
EndProject
Global
	GlobalSection(SolutionConfigurationPlatforms) = preSolution
		Debug|Any CPU = Debug|Any CPU
		Release|Any CPU = Release|Any CPU
	EndGlobalSection
	GlobalSection(ProjectConfigurationPlatforms) = postSolution
		{5C4F1969-4A5E-45E2-9495-7555F2502F9B}.Debug|Any CPU.ActiveCfg = Debug|Any CPU
		{5C4F1969-4A5E-45E2-9495-7555F2502F9B}.Debug|Any CPU.Build.0 = Debug|Any CPU
		{5C4F1969-4A5E-45E2-9495-7555F2502F9B}.Release|Any CPU.ActiveCfg = Release|Any CPU
		{5C4F1969-4A5E-45E2-9495-7555F2502F9B}.Release|Any CPU.Build.0 = Release|Any CPU
	EndGlobalSection
	GlobalSection(SolutionProperties) = preSolution
		HideSolutionNode = FALSE
	EndGlobalSection
	GlobalSection(ExtensibilityGlobals) = postSolution
		SolutionGuid = {2CFF0EEF-5092-4813-A8BB-56648F545B6C}
	EndGlobalSection
EndGlobal
